
Microsoft Visual Studio Solution File, Format Version 12.00
# Visual Studio Version 17
VisualStudioVersion = 17.9.34622.214
MinimumVisualStudioVersion = 10.0.40219.1
Project("{FAE04EC0-301F-11D3-BF4B-00C04F79EFBC}") = "İşTakip", "İşTakip.csproj", "{5464F658-49AD-4494-9250-CE8CE27BC02E}"
EndProject
Global
	GlobalSection(SolutionConfigurationPlatforms) = preSolution
		Debug|Any CPU = Debug|Any CPU
		Release|Any CPU = Release|Any CPU
	EndGlobalSection
	GlobalSection(ProjectConfigurationPlatforms) = postSolution
		{5464F658-49AD-4494-9250-CE8CE27BC02E}.Debug|Any CPU.ActiveCfg = Debug|Any CPU
		{5464F658-49AD-4494-9250-CE8CE27BC02E}.Debug|Any CPU.Build.0 = Debug|Any CPU
		{5464F658-49AD-4494-9250-CE8CE27BC02E}.Release|Any CPU.ActiveCfg = Release|Any CPU
		{5464F658-49AD-4494-9250-CE8CE27BC02E}.Release|Any CPU.Build.0 = Release|Any CPU
	EndGlobalSection
	GlobalSection(SolutionProperties) = preSolution
		HideSolutionNode = FALSE
	EndGlobalSection
	GlobalSection(ExtensibilityGlobals) = postSolution
		SolutionGuid = {46778589-3A86-48AD-B053-AD93545FF4F3}
	EndGlobalSection
EndGlobal
